// !$*UTF8*$!
{
	archiveVersion = 1;
	classes = {
	};
	objectVersion = 46;
	objects = {

/* Begin PBXBuildFile section */
		222C98791E1BA09A00A75879 /* main.m in Sources */ = {isa = PBXBuildFile; fileRef = 222C98781E1BA09A00A75879 /* main.m */; };
		222C987C1E1BA09A00A75879 /* AppDelegate.m in Sources */ = {isa = PBXBuildFile; fileRef = 222C987B1E1BA09A00A75879 /* AppDelegate.m */; };
		222C987F1E1BA09A00A75879 /* ViewController.m in Sources */ = {isa = PBXBuildFile; fileRef = 222C987E1E1BA09A00A75879 /* ViewController.m */; };
		222C98821E1BA09A00A75879 /* Main.storyboard in Resources */ = {isa = PBXBuildFile; fileRef = 222C98801E1BA09A00A75879 /* Main.storyboard */; };
		222C98841E1BA09A00A75879 /* Assets.xcassets in Resources */ = {isa = PBXBuildFile; fileRef = 222C98831E1BA09A00A75879 /* Assets.xcassets */; };
		222C98871E1BA09A00A75879 /* LaunchScreen.storyboard in Resources */ = {isa = PBXBuildFile; fileRef = 222C98851E1BA09A00A75879 /* LaunchScreen.storyboard */; };
		222C98921E1BA09B00A75879 /* bookCollectionTests.m in Sources */ = {isa = PBXBuildFile; fileRef = 222C98911E1BA09B00A75879 /* bookCollectionTests.m */; };
		222C989D1E1BA09B00A75879 /* bookCollectionUITests.m in Sources */ = {isa = PBXBuildFile; fileRef = 222C989C1E1BA09B00A75879 /* bookCollectionUITests.m */; };
/* End PBXBuildFile section */

/* Begin PBXContainerItemProxy section */
		222C988E1E1BA09B00A75879 /* PBXContainerItemProxy */ = {
			isa = PBXContainerItemProxy;
			containerPortal = 222C986C1E1BA09A00A75879 /* Project object */;
			proxyType = 1;
			remoteGlobalIDString = 222C98731E1BA09A00A75879;
			remoteInfo = bookCollection;
		};
		222C98991E1BA09B00A75879 /* PBXContainerItemProxy */ = {
			isa = PBXContainerItemProxy;
			containerPortal = 222C986C1E1BA09A00A75879 /* Project object */;
			proxyType = 1;
			remoteGlobalIDString = 222C98731E1BA09A00A75879;
			remoteInfo = bookCollection;
		};
/* End PBXContainerItemProxy section */

/* Begin PBXFileReference section */
		222C98741E1BA09A00A75879 /* bookCollection.app */ = {isa = PBXFileReference; explicitFileType = wrapper.application; includeInIndex = 0; path = bookCollection.app; sourceTree = BUILT_PRODUCTS_DIR; };
		222C98781E1BA09A00A75879 /* main.m */ = {isa = PBXFileReference; lastKnownFileType = sourcecode.c.objc; path = main.m; sourceTree = "<group>"; };
		222C987A1E1BA09A00A75879 /* AppDelegate.h */ = {isa = PBXFileReference; lastKnownFileType = sourcecode.c.h; path = AppDelegate.h; sourceTree = "<group>"; };
		222C987B1E1BA09A00A75879 /* AppDelegate.m */ = {isa = PBXFileReference; lastKnownFileType = sourcecode.c.objc; path = AppDelegate.m; sourceTree = "<group>"; };
		222C987D1E1BA09A00A75879 /* ViewController.h */ = {isa = PBXFileReference; lastKnownFileType = sourcecode.c.h; path = ViewController.h; sourceTree = "<group>"; };
		222C987E1E1BA09A00A75879 /* ViewController.m */ = {isa = PBXFileReference; lastKnownFileType = sourcecode.c.objc; path = ViewController.m; sourceTree = "<group>"; };
		222C98811E1BA09A00A75879 /* Base */ = {isa = PBXFileReference; lastKnownFileType = file.storyboard; name = Base; path = Base.lproj/Main.storyboard; sourceTree = "<group>"; };
		222C98831E1BA09A00A75879 /* Assets.xcassets */ = {isa = PBXFileReference; lastKnownFileType = folder.assetcatalog; path = Assets.xcassets; sourceTree = "<group>"; };
		222C98861E1BA09A00A75879 /* Base */ = {isa = PBXFileReference; lastKnownFileType = file.storyboard; name = Base; path = Base.lproj/LaunchScreen.storyboard; sourceTree = "<group>"; };
		222C98881E1BA09A00A75879 /* Info.plist */ = {isa = PBXFileReference; lastKnownFileType = text.plist.xml; path = Info.plist; sourceTree = "<group>"; };
		222C988D1E1BA09B00A75879 /* bookCollectionTests.xctest */ = {isa = PBXFileReference; explicitFileType = wrapper.cfbundle; includeInIndex = 0; path = bookCollectionTests.xctest; sourceTree = BUILT_PRODUCTS_DIR; };
		222C98911E1BA09B00A75879 /* bookCollectionTests.m */ = {isa = PBXFileReference; lastKnownFileType = sourcecode.c.objc; path = bookCollectionTests.m; sourceTree = "<group>"; };
		222C98931E1BA09B00A75879 /* Info.plist */ = {isa = PBXFileReference; lastKnownFileType = text.plist.xml; path = Info.plist; sourceTree = "<group>"; };
		222C98981E1BA09B00A75879 /* bookCollectionUITests.xctest */ = {isa = PBXFileReference; explicitFileType = wrapper.cfbundle; includeInIndex = 0; path = bookCollectionUITests.xctest; sourceTree = BUILT_PRODUCTS_DIR; };
		222C989C1E1BA09B00A75879 /* bookCollectionUITests.m */ = {isa = PBXFileReference; lastKnownFileType = sourcecode.c.objc; path = bookCollectionUITests.m; sourceTree = "<group>"; };
		222C989E1E1BA09B00A75879 /* Info.plist */ = {isa = PBXFileReference; lastKnownFileType = text.plist.xml; path = Info.plist; sourceTree = "<group>"; };
/* End PBXFileReference section */

/* Begin PBXFrameworksBuildPhase section */
		222C98711E1BA09A00A75879 /* Frameworks */ = {
			isa = PBXFrameworksBuildPhase;
			buildActionMask = 2147483647;
			files = (
			);
			runOnlyForDeploymentPostprocessing = 0;
		};
		222C988A1E1BA09B00A75879 /* Frameworks */ = {
			isa = PBXFrameworksBuildPhase;
			buildActionMask = 2147483647;
			files = (
			);
			runOnlyForDeploymentPostprocessing = 0;
		};
		222C98951E1BA09B00A75879 /* Frameworks */ = {
			isa = PBXFrameworksBuildPhase;
			buildActionMask = 2147483647;
			files = (
			);
			runOnlyForDeploymentPostprocessing = 0;
		};
/* End PBXFrameworksBuildPhase section */

/* Begin PBXGroup section */
		222C986B1E1BA09A00A75879 = {
			isa = PBXGroup;
			children = (
				222C98761E1BA09A00A75879 /* bookCollection */,
				222C98901E1BA09B00A75879 /* bookCollectionTests */,
				222C989B1E1BA09B00A75879 /* bookCollectionUITests */,
				222C98751E1BA09A00A75879 /* Products */,
			);
			sourceTree = "<group>";
		};
		222C98751E1BA09A00A75879 /* Products */ = {
			isa = PBXGroup;
			children = (
				222C98741E1BA09A00A75879 /* bookCollection.app */,
				222C988D1E1BA09B00A75879 /* bookCollectionTests.xctest */,
				222C98981E1BA09B00A75879 /* bookCollectionUITests.xctest */,
			);
			name = Products;
			sourceTree = "<group>";
		};
		222C98761E1BA09A00A75879 /* bookCollection */ = {
			isa = PBXGroup;
			children = (
				222C987A1E1BA09A00A75879 /* AppDelegate.h */,
				222C987B1E1BA09A00A75879 /* AppDelegate.m */,
				222C987D1E1BA09A00A75879 /* ViewController.h */,
				222C987E1E1BA09A00A75879 /* ViewController.m */,
				222C98801E1BA09A00A75879 /* Main.storyboard */,
				222C98831E1BA09A00A75879 /* Assets.xcassets */,
				222C98851E1BA09A00A75879 /* LaunchScreen.storyboard */,
				222C98881E1BA09A00A75879 /* Info.plist */,
				222C98771E1BA09A00A75879 /* Supporting Files */,
			);
			path = bookCollection;
			sourceTree = "<group>";
		};
		222C98771E1BA09A00A75879 /* Supporting Files */ = {
			isa = PBXGroup;
			children = (
				222C98781E1BA09A00A75879 /* main.m */,
			);
			name = "Supporting Files";
			sourceTree = "<group>";
		};
		222C98901E1BA09B00A75879 /* bookCollectionTests */ = {
			isa = PBXGroup;
			children = (
				222C98911E1BA09B00A75879 /* bookCollectionTests.m */,
				222C98931E1BA09B00A75879 /* Info.plist */,
			);
			path = bookCollectionTests;
			sourceTree = "<group>";
		};
		222C989B1E1BA09B00A75879 /* bookCollectionUITests */ = {
			isa = PBXGroup;
			children = (
				222C989C1E1BA09B00A75879 /* bookCollectionUITests.m */,
				222C989E1E1BA09B00A75879 /* Info.plist */,
			);
			path = bookCollectionUITests;
			sourceTree = "<group>";
		};
/* End PBXGroup section */

/* Begin PBXNativeTarget section */
		222C98731E1BA09A00A75879 /* bookCollection */ = {
			isa = PBXNativeTarget;
			buildConfigurationList = 222C98A11E1BA09B00A75879 /* Build configuration list for PBXNativeTarget "bookCollection" */;
			buildPhases = (
				222C98701E1BA09A00A75879 /* Sources */,
				222C98711E1BA09A00A75879 /* Frameworks */,
				222C98721E1BA09A00A75879 /* Resources */,
			);
			buildRules = (
			);
			dependencies = (
			);
			name = bookCollection;
			productName = bookCollection;
			productReference = 222C98741E1BA09A00A75879 /* bookCollection.app */;
			productType = "com.apple.product-type.application";
		};
		222C988C1E1BA09B00A75879 /* bookCollectionTests */ = {
			isa = PBXNativeTarget;
			buildConfigurationList = 222C98A41E1BA09B00A75879 /* Build configuration list for PBXNativeTarget "bookCollectionTests" */;
			buildPhases = (
				222C98891E1BA09B00A75879 /* Sources */,
				222C988A1E1BA09B00A75879 /* Frameworks */,
				222C988B1E1BA09B00A75879 /* Resources */,
			);
			buildRules = (
			);
			dependencies = (
				222C988F1E1BA09B00A75879 /* PBXTargetDependency */,
			);
			name = bookCollectionTests;
			productName = bookCollectionTests;
			productReference = 222C988D1E1BA09B00A75879 /* bookCollectionTests.xctest */;
			productType = "com.apple.product-type.bundle.unit-test";
		};
		222C98971E1BA09B00A75879 /* bookCollectionUITests */ = {
			isa = PBXNativeTarget;
			buildConfigurationList = 222C98A71E1BA09B00A75879 /* Build configuration list for PBXNativeTarget "bookCollectionUITests" */;
			buildPhases = (
				222C98941E1BA09B00A75879 /* Sources */,
				222C98951E1BA09B00A75879 /* Frameworks */,
				222C98961E1BA09B00A75879 /* Resources */,
			);
			buildRules = (
			);
			dependencies = (
				222C989A1E1BA09B00A75879 /* PBXTargetDependency */,
			);
			name = bookCollectionUITests;
			productName = bookCollectionUITests;
			productReference = 222C98981E1BA09B00A75879 /* bookCollectionUITests.xctest */;
			productType = "com.apple.product-type.bundle.ui-testing";
		};
/* End PBXNativeTarget section */

/* Begin PBXProject section */
		222C986C1E1BA09A00A75879 /* Project object */ = {
			isa = PBXProject;
			attributes = {
				LastUpgradeCheck = 0820;
				ORGANIZATIONNAME = "Gaofei Ma";
				TargetAttributes = {
					222C98731E1BA09A00A75879 = {
						CreatedOnToolsVersion = 8.2.1;
						DevelopmentTeam = N5G28WF2Y2;
						ProvisioningStyle = Automatic;
					};
					222C988C1E1BA09B00A75879 = {
						CreatedOnToolsVersion = 8.2.1;
						DevelopmentTeam = N5G28WF2Y2;
						ProvisioningStyle = Automatic;
						TestTargetID = 222C98731E1BA09A00A75879;
					};
					222C98971E1BA09B00A75879 = {
						CreatedOnToolsVersion = 8.2.1;
						DevelopmentTeam = N5G28WF2Y2;
						ProvisioningStyle = Automatic;
						TestTargetID = 222C98731E1BA09A00A75879;
					};
				};
			};
			buildConfigurationList = 222C986F1E1BA09A00A75879 /* Build configuration list for PBXProject "bookCollection" */;
			compatibilityVersion = "Xcode 3.2";
			developmentRegion = English;
			hasScannedForEncodings = 0;
			knownRegions = (
				en,
				Base,
			);
			mainGroup = 222C986B1E1BA09A00A75879;
			productRefGroup = 222C98751E1BA09A00A75879 /* Products */;
			projectDirPath = "";
			projectRoot = "";
			targets = (
				222C98731E1BA09A00A75879 /* bookCollection */,
				222C988C1E1BA09B00A75879 /* bookCollectionTests */,
				222C98971E1BA09B00A75879 /* bookCollectionUITests */,
			);
		};
/* End PBXProject section */

/* Begin PBXResourcesBuildPhase section */
		222C98721E1BA09A00A75879 /* Resources */ = {
			isa = PBXResourcesBuildPhase;
			buildActionMask = 2147483647;
			files = (
				222C98871E1BA09A00A75879 /* LaunchScreen.storyboard in Resources */,
				222C98841E1BA09A00A75879 /* Assets.xcassets in Resources */,
				222C98821E1BA09A00A75879 /* Main.storyboard in Resources */,
			);
			runOnlyForDeploymentPostprocessing = 0;
		};
		222C988B1E1BA09B00A75879 /* Resources */ = {
			isa = PBXResourcesBuildPhase;
			buildActionMask = 2147483647;
			files = (
			);
			runOnlyForDeploymentPostprocessing = 0;
		};
		222C98961E1BA09B00A75879 /* Resources */ = {
			isa = PBXResourcesBuildPhase;
			buildActionMask = 2147483647;
			files = (
			);
			runOnlyForDeploymentPostprocessing = 0;
		};
/* End PBXResourcesBuildPhase section */

/* Begin PBXSourcesBuildPhase section */
		222C98701E1BA09A00A75879 /* Sources */ = {
			isa = PBXSourcesBuildPhase;
			buildActionMask = 2147483647;
			files = (
				222C987F1E1BA09A00A75879 /* ViewController.m in Sources */,
				222C987C1E1BA09A00A75879 /* AppDelegate.m in Sources */,
				222C98791E1BA09A00A75879 /* main.m in Sources */,
			);
			runOnlyForDeploymentPostprocessing = 0;
		};
		222C98891E1BA09B00A75879 /* Sources */ = {
			isa = PBXSourcesBuildPhase;
			buildActionMask = 2147483647;
			files = (
				222C98921E1BA09B00A75879 /* bookCollectionTests.m in Sources */,
			);
			runOnlyForDeploymentPostprocessing = 0;
		};
		222C98941E1BA09B00A75879 /* Sources */ = {
			isa = PBXSourcesBuildPhase;
			buildActionMask = 2147483647;
			files = (
				222C989D1E1BA09B00A75879 /* bookCollectionUITests.m in Sources */,
			);
			runOnlyForDeploymentPostprocessing = 0;
		};
/* End PBXSourcesBuildPhase section */

/* Begin PBXTargetDependency section */
		222C988F1E1BA09B00A75879 /* PBXTargetDependency */ = {
			isa = PBXTargetDependency;
			target = 222C98731E1BA09A00A75879 /* bookCollection */;
			targetProxy = 222C988E1E1BA09B00A75879 /* PBXContainerItemProxy */;
		};
		222C989A1E1BA09B00A75879 /* PBXTargetDependency */ = {
			isa = PBXTargetDependency;
			target = 222C98731E1BA09A00A75879 /* bookCollection */;
			targetProxy = 222C98991E1BA09B00A75879 /* PBXContainerItemProxy */;
		};
/* End PBXTargetDependency section */

/* Begin PBXVariantGroup section */
		222C98801E1BA09A00A75879 /* Main.storyboard */ = {
			isa = PBXVariantGroup;
			children = (
				222C98811E1BA09A00A75879 /* Base */,
			);
			name = Main.storyboard;
			sourceTree = "<group>";
		};
		222C98851E1BA09A00A75879 /* LaunchScreen.storyboard */ = {
			isa = PBXVariantGroup;
			children = (
				222C98861E1BA09A00A75879 /* Base */,
			);
			name = LaunchScreen.storyboard;
			sourceTree = "<group>";
		};
/* End PBXVariantGroup section */

/* Begin XCBuildConfiguration section */
		222C989F1E1BA09B00A75879 /* Debug */ = {
			isa = XCBuildConfiguration;
			buildSettings = {
				ALWAYS_SEARCH_USER_PATHS = NO;
				CLANG_ANALYZER_NONNULL = YES;
				CLANG_CXX_LANGUAGE_STANDARD = "gnu++0x";
				CLANG_CXX_LIBRARY = "libc++";
				CLANG_ENABLE_MODULES = YES;
				CLANG_ENABLE_OBJC_ARC = YES;
				CLANG_WARN_BOOL_CONVERSION = YES;
				CLANG_WARN_CONSTANT_CONVERSION = YES;
				CLANG_WARN_DIRECT_OBJC_ISA_USAGE = YES_ERROR;
				CLANG_WARN_DOCUMENTATION_COMMENTS = YES;
				CLANG_WARN_EMPTY_BODY = YES;
				CLANG_WARN_ENUM_CONVERSION = YES;
				CLANG_WARN_INFINITE_RECURSION = YES;
				CLANG_WARN_INT_CONVERSION = YES;
				CLANG_WARN_OBJC_ROOT_CLASS = YES_ERROR;
				CLANG_WARN_SUSPICIOUS_MOVE = YES;
				CLANG_WARN_UNREACHABLE_CODE = YES;
				CLANG_WARN__DUPLICATE_METHOD_MATCH = YES;
				"CODE_SIGN_IDENTITY[sdk=iphoneos*]" = "iPhone Developer";
				COPY_PHASE_STRIP = NO;
				DEBUG_INFORMATION_FORMAT = dwarf;
				ENABLE_STRICT_OBJC_MSGSEND = YES;
				ENABLE_TESTABILITY = YES;
				GCC_C_LANGUAGE_STANDARD = gnu99;
				GCC_DYNAMIC_NO_PIC = NO;
				GCC_NO_COMMON_BLOCKS = YES;
				GCC_OPTIMIZATION_LEVEL = 0;
				GCC_PREPROCESSOR_DEFINITIONS = (
					"DEBUG=1",
					"$(inherited)",
				);
				GCC_WARN_64_TO_32_BIT_CONVERSION = YES;
				GCC_WARN_ABOUT_RETURN_TYPE = YES_ERROR;
				GCC_WARN_UNDECLARED_SELECTOR = YES;
				GCC_WARN_UNINITIALIZED_AUTOS = YES_AGGRESSIVE;
				GCC_WARN_UNUSED_FUNCTION = YES;
				GCC_WARN_UNUSED_VARIABLE = YES;
				IPHONEOS_DEPLOYMENT_TARGET = 10.2;
				MTL_ENABLE_DEBUG_INFO = YES;
				ONLY_ACTIVE_ARCH = YES;
				SDKROOT = iphoneos;
				TARGETED_DEVICE_FAMILY = "1,2";
			};
			name = Debug;
		};
		222C98A01E1BA09B00A75879 /* Release */ = {
			isa = XCBuildConfiguration;
			buildSettings = {
				ALWAYS_SEARCH_USER_PATHS = NO;
				CLANG_ANALYZER_NONNULL = YES;
				CLANG_CXX_LANGUAGE_STANDARD = "gnu++0x";
				CLANG_CXX_LIBRARY = "libc++";
				CLANG_ENABLE_MODULES = YES;
				CLANG_ENABLE_OBJC_ARC = YES;
				CLANG_WARN_BOOL_CONVERSION = YES;
				CLANG_WARN_CONSTANT_CONVERSION = YES;
				CLANG_WARN_DIRECT_OBJC_ISA_USAGE = YES_ERROR;
				CLANG_WARN_DOCUMENTATION_COMMENTS = YES;
				CLANG_WARN_EMPTY_BODY = YES;
				CLANG_WARN_ENUM_CONVERSION = YES;
				CLANG_WARN_INFINITE_RECURSION = YES;
				CLANG_WARN_INT_CONVERSION = YES;
				CLANG_WARN_OBJC_ROOT_CLASS = YES_ERROR;
				CLANG_WARN_SUSPICIOUS_MOVE = YES;
				CLANG_WARN_UNREACHABLE_CODE = YES;
				CLANG_WARN__DUPLICATE_METHOD_MATCH = YES;
				"CODE_SIGN_IDENTITY[sdk=iphoneos*]" = "iPhone Developer";
				COPY_PHASE_STRIP = NO;
				DEBUG_INFORMATION_FORMAT = "dwarf-with-dsym";
				ENABLE_NS_ASSERTIONS = NO;
				ENABLE_STRICT_OBJC_MSGSEND = YES;
				GCC_C_LANGUAGE_STANDARD = gnu99;
				GCC_NO_COMMON_BLOCKS = YES;
				GCC_WARN_64_TO_32_BIT_CONVERSION = YES;
				GCC_WARN_ABOUT_RETURN_TYPE = YES_ERROR;
				GCC_WARN_UNDECLARED_SELECTOR = YES;
				GCC_WARN_UNINITIALIZED_AUTOS = YES_AGGRESSIVE;
				GCC_WARN_UNUSED_FUNCTION = YES;
				GCC_WARN_UNUSED_VARIABLE = YES;
				IPHONEOS_DEPLOYMENT_TARGET = 10.2;
				MTL_ENABLE_DEBUG_INFO = NO;
				SDKROOT = iphoneos;
				TARGETED_DEVICE_FAMILY = "1,2";
				VALIDATE_PRODUCT = YES;
			};
			name = Release;
		};
		222C98A21E1BA09B00A75879 /* Debug */ = {
			isa = XCBuildConfiguration;
			buildSettings = {
				ASSETCATALOG_COMPILER_APPICON_NAME = AppIcon;
				DEVELOPMENT_TEAM = N5G28WF2Y2;
				INFOPLIST_FILE = bookCollection/Info.plist;
				LD_RUNPATH_SEARCH_PATHS = "$(inherited) @executable_path/Frameworks";
				PRODUCT_BUNDLE_IDENTIFIER = com.magaofei.bookCollection;
				PRODUCT_NAME = "$(TARGET_NAME)";
			};
			name = Debug;
		};
		222C98A31E1BA09B00A75879 /* Release */ = {
			isa = XCBuildConfiguration;
			buildSettings = {
				ASSETCATALOG_COMPILER_APPICON_NAME = AppIcon;
				DEVELOPMENT_TEAM = N5G28WF2Y2;
				INFOPLIST_FILE = bookCollection/Info.plist;
				LD_RUNPATH_SEARCH_PATHS = "$(inherited) @executable_path/Frameworks";
				PRODUCT_BUNDLE_IDENTIFIER = com.magaofei.bookCollection;
				PRODUCT_NAME = "$(TARGET_NAME)";
			};
			name = Release;
		};
		222C98A51E1BA09B00A75879 /* Debug */ = {
			isa = XCBuildConfiguration;
			buildSettings = {
				BUNDLE_LOADER = "$(TEST_HOST)";
				DEVELOPMENT_TEAM = N5G28WF2Y2;
				INFOPLIST_FILE = bookCollectionTests/Info.plist;
				LD_RUNPATH_SEARCH_PATHS = "$(inherited) @executable_path/Frameworks @loader_path/Frameworks";
				PRODUCT_BUNDLE_IDENTIFIER = com.magaofei.bookCollectionTests;
				PRODUCT_NAME = "$(TARGET_NAME)";
				TEST_HOST = "$(BUILT_PRODUCTS_DIR)/bookCollection.app/bookCollection";
			};
			name = Debug;
		};
		222C98A61E1BA09B00A75879 /* Release */ = {
			isa = XCBuildConfiguration;
			buildSettings = {
				BUNDLE_LOADER = "$(TEST_HOST)";
				DEVELOPMENT_TEAM = N5G28WF2Y2;
				INFOPLIST_FILE = bookCollectionTests/Info.plist;
				LD_RUNPATH_SEARCH_PATHS = "$(inherited) @executable_path/Frameworks @loader_path/Frameworks";
				PRODUCT_BUNDLE_IDENTIFIER = com.magaofei.bookCollectionTests;
				PRODUCT_NAME = "$(TARGET_NAME)";
				TEST_HOST = "$(BUILT_PRODUCTS_DIR)/bookCollection.app/bookCollection";
			};
			name = Release;
		};
		222C98A81E1BA09B00A75879 /* Debug */ = {
			isa = XCBuildConfiguration;
			buildSettings = {
				DEVELOPMENT_TEAM = N5G28WF2Y2;
				INFOPLIST_FILE = bookCollectionUITests/Info.plist;
				LD_RUNPATH_SEARCH_PATHS = "$(inherited) @executable_path/Frameworks @loader_path/Frameworks";
				PRODUCT_BUNDLE_IDENTIFIER = com.magaofei.bookCollectionUITests;
				PRODUCT_NAME = "$(TARGET_NAME)";
				TEST_TARGET_NAME = bookCollection;
			};
			name = Debug;
		};
		222C98A91E1BA09B00A75879 /* Release */ = {
			isa = XCBuildConfiguration;
			buildSettings = {
				DEVELOPMENT_TEAM = N5G28WF2Y2;
				INFOPLIST_FILE = bookCollectionUITests/Info.plist;
				LD_RUNPATH_SEARCH_PATHS = "$(inherited) @executable_path/Frameworks @loader_path/Frameworks";
				PRODUCT_BUNDLE_IDENTIFIER = com.magaofei.bookCollectionUITests;
				PRODUCT_NAME = "$(TARGET_NAME)";
				TEST_TARGET_NAME = bookCollection;
			};
			name = Release;
		};
/* End XCBuildConfiguration section */

/* Begin XCConfigurationList section */
		222C986F1E1BA09A00A75879 /* Build configuration list for PBXProject "bookCollection" */ = {
			isa = XCConfigurationList;
			buildConfigurations = (
				222C989F1E1BA09B00A75879 /* Debug */,
				222C98A01E1BA09B00A75879 /* Release */,
			);
			defaultConfigurationIsVisible = 0;
			defaultConfigurationName = Release;
		};
		222C98A11E1BA09B00A75879 /* Build configuration list for PBXNativeTarget "bookCollection" */ = {
			isa = XCConfigurationList;
			buildConfigurations = (
				222C98A21E1BA09B00A75879 /* Debug */,
				222C98A31E1BA09B00A75879 /* Release */,
			);
			defaultConfigurationIsVisible = 0;
		};
		222C98A41E1BA09B00A75879 /* Build configuration list for PBXNativeTarget "bookCollectionTests" */ = {
			isa = XCConfigurationList;
			buildConfigurations = (
				222C98A51E1BA09B00A75879 /* Debug */,
				222C98A61E1BA09B00A75879 /* Release */,
			);
			defaultConfigurationIsVisible = 0;
		};
		222C98A71E1BA09B00A75879 /* Build configuration list for PBXNativeTarget "bookCollectionUITests" */ = {
			isa = XCConfigurationList;
			buildConfigurations = (
				222C98A81E1BA09B00A75879 /* Debug */,
				222C98A91E1BA09B00A75879 /* Release */,
			);
			defaultConfigurationIsVisible = 0;
		};
/* End XCConfigurationList section */
	};
	rootObject = 222C986C1E1BA09A00A75879 /* Project object */;
}
